
Microsoft Visual Studio Solution File, Format Version 12.00
# Visual Studio Version 17
VisualStudioVersion = 17.2.32630.192
MinimumVisualStudioVersion = 10.0.40219.1
Project("{9A19103F-16F7-4668-BE54-9A1E7A4F7556}") = "SimplePayRollApplication", "SimplePayRollApplication.csproj", "{6F4754F9-5115-4E48-BADF-A3F522A8B669}"
EndProject
Project("{FAE04EC0-301F-11D3-BF4B-00C04F79EFBC}") = "SimplePayRollApplication.Tests", "..\SimplePayRollApplication.Tests\SimplePayRollApplication.Tests.csproj", "{9E89E1A3-315F-4B68-9AA8-CA5A45A4DACD}"
EndProject
Global
	GlobalSection(SolutionConfigurationPlatforms) = preSolution
		Debug|Any CPU = Debug|Any CPU
		Release|Any CPU = Release|Any CPU
	EndGlobalSection
	GlobalSection(ProjectConfigurationPlatforms) = postSolution
		{6F4754F9-5115-4E48-BADF-A3F522A8B669}.Debug|Any CPU.ActiveCfg = Debug|Any CPU
		{6F4754F9-5115-4E48-BADF-A3F522A8B669}.Debug|Any CPU.Build.0 = Debug|Any CPU
		{6F4754F9-5115-4E48-BADF-A3F522A8B669}.Release|Any CPU.ActiveCfg = Release|Any CPU
		{6F4754F9-5115-4E48-BADF-A3F522A8B669}.Release|Any CPU.Build.0 = Release|Any CPU
		{9E89E1A3-315F-4B68-9AA8-CA5A45A4DACD}.Debug|Any CPU.ActiveCfg = Debug|Any CPU
		{9E89E1A3-315F-4B68-9AA8-CA5A45A4DACD}.Debug|Any CPU.Build.0 = Debug|Any CPU
		{9E89E1A3-315F-4B68-9AA8-CA5A45A4DACD}.Release|Any CPU.ActiveCfg = Release|Any CPU
		{9E89E1A3-315F-4B68-9AA8-CA5A45A4DACD}.Release|Any CPU.Build.0 = Release|Any CPU
	EndGlobalSection
	GlobalSection(SolutionProperties) = preSolution
		HideSolutionNode = FALSE
	EndGlobalSection
	GlobalSection(ExtensibilityGlobals) = postSolution
		SolutionGuid = {BBDF5C31-FA3E-4FE7-972F-1CD0B665B799}
	EndGlobalSection
EndGlobal
